
Microsoft Visual Studio Solution File, Format Version 12.00
# Visual Studio Version 16
VisualStudioVersion = 16.0.30717.126
MinimumVisualStudioVersion = 10.0.40219.1
Project("{9A19103F-16F7-4668-BE54-9A1E7A4F7556}") = "SAP.API", "SAP.API\SAP.API.csproj", "{966D8BCF-9185-4E16-B483-EA756C80E249}"
EndProject
Project("{9A19103F-16F7-4668-BE54-9A1E7A4F7556}") = "SAP.Models", "SAP.Models\SAP.Models.csproj", "{6F574A70-2D1C-404B-85AF-60A347573823}"
EndProject
Project("{FAE04EC0-301F-11D3-BF4B-00C04F79EFBC}") = "SAP.Library", "SAP.Library\SAP.Library.csproj", "{7AB3E87C-A532-41F5-847D-04E1B03791C7}"
EndProject
Project("{9A19103F-16F7-4668-BE54-9A1E7A4F7556}") = "SAP.XperienceLibraries", "..\SAP.XperienceLibraries\SAP.XperienceLibraries.csproj", "{9A653B5B-959F-4D89-BC21-A929DD740275}"
EndProject
Global
	GlobalSection(SolutionConfigurationPlatforms) = preSolution
		Debug|Any CPU = Debug|Any CPU
		Release|Any CPU = Release|Any CPU
	EndGlobalSection
	GlobalSection(ProjectConfigurationPlatforms) = postSolution
		{966D8BCF-9185-4E16-B483-EA756C80E249}.Debug|Any CPU.ActiveCfg = Debug|Any CPU
		{966D8BCF-9185-4E16-B483-EA756C80E249}.Debug|Any CPU.Build.0 = Debug|Any CPU
		{966D8BCF-9185-4E16-B483-EA756C80E249}.Release|Any CPU.ActiveCfg = Release|Any CPU
		{966D8BCF-9185-4E16-B483-EA756C80E249}.Release|Any CPU.Build.0 = Release|Any CPU
		{6F574A70-2D1C-404B-85AF-60A347573823}.Debug|Any CPU.ActiveCfg = Debug|Any CPU
		{6F574A70-2D1C-404B-85AF-60A347573823}.Debug|Any CPU.Build.0 = Debug|Any CPU
		{6F574A70-2D1C-404B-85AF-60A347573823}.Release|Any CPU.ActiveCfg = Release|Any CPU
		{6F574A70-2D1C-404B-85AF-60A347573823}.Release|Any CPU.Build.0 = Release|Any CPU
		{7AB3E87C-A532-41F5-847D-04E1B03791C7}.Debug|Any CPU.ActiveCfg = Debug|Any CPU
		{7AB3E87C-A532-41F5-847D-04E1B03791C7}.Debug|Any CPU.Build.0 = Debug|Any CPU
		{7AB3E87C-A532-41F5-847D-04E1B03791C7}.Release|Any CPU.ActiveCfg = Release|Any CPU
		{7AB3E87C-A532-41F5-847D-04E1B03791C7}.Release|Any CPU.Build.0 = Release|Any CPU
		{9A653B5B-959F-4D89-BC21-A929DD740275}.Debug|Any CPU.ActiveCfg = Debug|Any CPU
		{9A653B5B-959F-4D89-BC21-A929DD740275}.Debug|Any CPU.Build.0 = Debug|Any CPU
		{9A653B5B-959F-4D89-BC21-A929DD740275}.Release|Any CPU.ActiveCfg = Release|Any CPU
		{9A653B5B-959F-4D89-BC21-A929DD740275}.Release|Any CPU.Build.0 = Release|Any CPU
	EndGlobalSection
	GlobalSection(SolutionProperties) = preSolution
		HideSolutionNode = FALSE
	EndGlobalSection
	GlobalSection(ExtensibilityGlobals) = postSolution
		SolutionGuid = {6F210BD2-E41E-4358-B781-2702A32FE8F0}
	EndGlobalSection
EndGlobal
